// !$*UTF8*$!
{
	archiveVersion = 1;
	classes = {
	};
	objectVersion = 50;
	objects = {

/* Begin PBXBuildFile section */
		140CE07A227A7809008A40B3 /* SaloesCollectionViewController.swift in Sources */ = {isa = PBXBuildFile; fileRef = 140CE079227A7809008A40B3 /* SaloesCollectionViewController.swift */; };
		140CE07F227A8461008A40B3 /* Salao.swift in Sources */ = {isa = PBXBuildFile; fileRef = 140CE07E227A8461008A40B3 /* Salao.swift */; };
		14492F00226F8E12005FEA02 /* AppDelegate.swift in Sources */ = {isa = PBXBuildFile; fileRef = 14492EFF226F8E12005FEA02 /* AppDelegate.swift */; };
		14492F02226F8E12005FEA02 /* HomeViewController.swift in Sources */ = {isa = PBXBuildFile; fileRef = 14492F01226F8E12005FEA02 /* HomeViewController.swift */; };
		14492F05226F8E12005FEA02 /* Main.storyboard in Resources */ = {isa = PBXBuildFile; fileRef = 14492F03226F8E12005FEA02 /* Main.storyboard */; };
		14492F0A226F8E13005FEA02 /* LaunchScreen.storyboard in Resources */ = {isa = PBXBuildFile; fileRef = 14492F08226F8E13005FEA02 /* LaunchScreen.storyboard */; };
		14535FC1227E019B0094A563 /* SalaoCollectionViewCell.swift in Sources */ = {isa = PBXBuildFile; fileRef = 14535FC0227E019B0094A563 /* SalaoCollectionViewCell.swift */; };
		14E8B831227A4D75006FEE63 /* icons.xcassets in Resources */ = {isa = PBXBuildFile; fileRef = 14E8B830227A4D75006FEE63 /* icons.xcassets */; };
		CF684814440D7FB567D29969 /* libPods-Beta.a in Frameworks */ = {isa = PBXBuildFile; fileRef = 13B90C52B959BC0D5AB7C0FF /* libPods-Beta.a */; };
/* End PBXBuildFile section */

/* Begin PBXFileReference section */
		13B90C52B959BC0D5AB7C0FF /* libPods-Beta.a */ = {isa = PBXFileReference; explicitFileType = archive.ar; includeInIndex = 0; path = "libPods-Beta.a"; sourceTree = BUILT_PRODUCTS_DIR; };
		140CE079227A7809008A40B3 /* SaloesCollectionViewController.swift */ = {isa = PBXFileReference; lastKnownFileType = sourcecode.swift; path = SaloesCollectionViewController.swift; sourceTree = "<group>"; };
		140CE07E227A8461008A40B3 /* Salao.swift */ = {isa = PBXFileReference; lastKnownFileType = sourcecode.swift; path = Salao.swift; sourceTree = "<group>"; };
		14492EFC226F8E12005FEA02 /* Beta.app */ = {isa = PBXFileReference; explicitFileType = wrapper.application; includeInIndex = 0; path = Beta.app; sourceTree = BUILT_PRODUCTS_DIR; };
		14492EFF226F8E12005FEA02 /* AppDelegate.swift */ = {isa = PBXFileReference; lastKnownFileType = sourcecode.swift; path = AppDelegate.swift; sourceTree = "<group>"; };
		14492F01226F8E12005FEA02 /* HomeViewController.swift */ = {isa = PBXFileReference; lastKnownFileType = sourcecode.swift; path = HomeViewController.swift; sourceTree = "<group>"; };
		14492F04226F8E12005FEA02 /* Base */ = {isa = PBXFileReference; lastKnownFileType = file.storyboard; name = Base; path = Base.lproj/Main.storyboard; sourceTree = "<group>"; };
		14492F09226F8E13005FEA02 /* Base */ = {isa = PBXFileReference; lastKnownFileType = file.storyboard; name = Base; path = Base.lproj/LaunchScreen.storyboard; sourceTree = "<group>"; };
		14492F0B226F8E13005FEA02 /* Info.plist */ = {isa = PBXFileReference; lastKnownFileType = text.plist.xml; path = Info.plist; sourceTree = "<group>"; };
		14535FC0227E019B0094A563 /* SalaoCollectionViewCell.swift */ = {isa = PBXFileReference; lastKnownFileType = sourcecode.swift; path = SalaoCollectionViewCell.swift; sourceTree = "<group>"; };
		14E8B830227A4D75006FEE63 /* icons.xcassets */ = {isa = PBXFileReference; lastKnownFileType = folder.assetcatalog; path = icons.xcassets; sourceTree = "<group>"; };
		37ACE82D17EAE0A40ED1B9EC /* Pods-Beta.release.xcconfig */ = {isa = PBXFileReference; includeInIndex = 1; lastKnownFileType = text.xcconfig; name = "Pods-Beta.release.xcconfig"; path = "Target Support Files/Pods-Beta/Pods-Beta.release.xcconfig"; sourceTree = "<group>"; };
		467EC3A5AA4279BE3552AA33 /* Pods-Beta.debug.xcconfig */ = {isa = PBXFileReference; includeInIndex = 1; lastKnownFileType = text.xcconfig; name = "Pods-Beta.debug.xcconfig"; path = "Target Support Files/Pods-Beta/Pods-Beta.debug.xcconfig"; sourceTree = "<group>"; };
/* End PBXFileReference section */

/* Begin PBXFrameworksBuildPhase section */
		14492EF9226F8E12005FEA02 /* Frameworks */ = {
			isa = PBXFrameworksBuildPhase;
			buildActionMask = 2147483647;
			files = (
				CF684814440D7FB567D29969 /* libPods-Beta.a in Frameworks */,
			);
			runOnlyForDeploymentPostprocessing = 0;
		};
/* End PBXFrameworksBuildPhase section */

/* Begin PBXGroup section */
		140CE07D227A843A008A40B3 /* Model */ = {
			isa = PBXGroup;
			children = (
				140CE07E227A8461008A40B3 /* Salao.swift */,
			);
			path = Model;
			sourceTree = "<group>";
		};
		14492EF3226F8E12005FEA02 = {
			isa = PBXGroup;
			children = (
				14492EFF226F8E12005FEA02 /* AppDelegate.swift */,
				14492EFE226F8E12005FEA02 /* Beta */,
				14492EFD226F8E12005FEA02 /* Products */,
				5C8432CA8000D2B5C4D1D64B /* Pods */,
				F540C7233FF24175BF434B8F /* Frameworks */,
			);
			sourceTree = "<group>";
		};
		14492EFD226F8E12005FEA02 /* Products */ = {
			isa = PBXGroup;
			children = (
				14492EFC226F8E12005FEA02 /* Beta.app */,
			);
			name = Products;
			sourceTree = "<group>";
		};
		14492EFE226F8E12005FEA02 /* Beta */ = {
			isa = PBXGroup;
			children = (
				14535FBF227E01870094A563 /* View */,
				147F91C6227A1FC000B5FAE8 /* StoryBoards & Xibs */,
				147F91C5227A1FB000B5FAE8 /* Assets */,
				147F91C3227A1F5B00B5FAE8 /* Supporting Files */,
				14492F14226F978F005FEA02 /* View Controllers */,
				140CE07D227A843A008A40B3 /* Model */,
			);
			path = Beta;
			sourceTree = "<group>";
		};
		14492F14226F978F005FEA02 /* View Controllers */ = {
			isa = PBXGroup;
			children = (
				14492F01226F8E12005FEA02 /* HomeViewController.swift */,
				140CE079227A7809008A40B3 /* SaloesCollectionViewController.swift */,
			);
			path = "View Controllers";
			sourceTree = "<group>";
		};
		14535FBF227E01870094A563 /* View */ = {
			isa = PBXGroup;
			children = (
				14535FC0227E019B0094A563 /* SalaoCollectionViewCell.swift */,
			);
			path = View;
			sourceTree = "<group>";
		};
		147F91C3227A1F5B00B5FAE8 /* Supporting Files */ = {
			isa = PBXGroup;
			children = (
				14492F0B226F8E13005FEA02 /* Info.plist */,
			);
			path = "Supporting Files";
			sourceTree = "<group>";
		};
		147F91C5227A1FB000B5FAE8 /* Assets */ = {
			isa = PBXGroup;
			children = (
				14E8B830227A4D75006FEE63 /* icons.xcassets */,
			);
			path = Assets;
			sourceTree = "<group>";
		};
		147F91C6227A1FC000B5FAE8 /* StoryBoards & Xibs */ = {
			isa = PBXGroup;
			children = (
				14492F03226F8E12005FEA02 /* Main.storyboard */,
				14492F08226F8E13005FEA02 /* LaunchScreen.storyboard */,
			);
			path = "StoryBoards & Xibs";
			sourceTree = "<group>";
		};
		5C8432CA8000D2B5C4D1D64B /* Pods */ = {
			isa = PBXGroup;
			children = (
				467EC3A5AA4279BE3552AA33 /* Pods-Beta.debug.xcconfig */,
				37ACE82D17EAE0A40ED1B9EC /* Pods-Beta.release.xcconfig */,
			);
			path = Pods;
			sourceTree = "<group>";
		};
		F540C7233FF24175BF434B8F /* Frameworks */ = {
			isa = PBXGroup;
			children = (
				13B90C52B959BC0D5AB7C0FF /* libPods-Beta.a */,
			);
			name = Frameworks;
			sourceTree = "<group>";
		};
/* End PBXGroup section */

/* Begin PBXNativeTarget section */
		14492EFB226F8E12005FEA02 /* Beta */ = {
			isa = PBXNativeTarget;
			buildConfigurationList = 14492F0E226F8E13005FEA02 /* Build configuration list for PBXNativeTarget "Beta" */;
			buildPhases = (
				2F6EF02580FC101DA2F788BE /* [CP] Check Pods Manifest.lock */,
				14492EF8226F8E12005FEA02 /* Sources */,
				14492EF9226F8E12005FEA02 /* Frameworks */,
				14492EFA226F8E12005FEA02 /* Resources */,
			);
			buildRules = (
			);
			dependencies = (
			);
			name = Beta;
			productName = Beta;
			productReference = 14492EFC226F8E12005FEA02 /* Beta.app */;
			productType = "com.apple.product-type.application";
		};
/* End PBXNativeTarget section */

/* Begin PBXProject section */
		14492EF4226F8E12005FEA02 /* Project object */ = {
			isa = PBXProject;
			attributes = {
				LastSwiftUpdateCheck = 1020;
				LastUpgradeCheck = 1020;
				ORGANIZATIONNAME = "Ian Fagundes";
				TargetAttributes = {
					14492EFB226F8E12005FEA02 = {
						CreatedOnToolsVersion = 10.2.1;
					};
				};
			};
			buildConfigurationList = 14492EF7226F8E12005FEA02 /* Build configuration list for PBXProject "Beta" */;
			compatibilityVersion = "Xcode 9.3";
			developmentRegion = en;
			hasScannedForEncodings = 0;
			knownRegions = (
				en,
				Base,
			);
			mainGroup = 14492EF3226F8E12005FEA02;
			productRefGroup = 14492EFD226F8E12005FEA02 /* Products */;
			projectDirPath = "";
			projectRoot = "";
			targets = (
				14492EFB226F8E12005FEA02 /* Beta */,
			);
		};
/* End PBXProject section */

/* Begin PBXResourcesBuildPhase section */
		14492EFA226F8E12005FEA02 /* Resources */ = {
			isa = PBXResourcesBuildPhase;
			buildActionMask = 2147483647;
			files = (
				14E8B831227A4D75006FEE63 /* icons.xcassets in Resources */,
				14492F0A226F8E13005FEA02 /* LaunchScreen.storyboard in Resources */,
				14492F05226F8E12005FEA02 /* Main.storyboard in Resources */,
			);
			runOnlyForDeploymentPostprocessing = 0;
		};
/* End PBXResourcesBuildPhase section */

/* Begin PBXShellScriptBuildPhase section */
		2F6EF02580FC101DA2F788BE /* [CP] Check Pods Manifest.lock */ = {
			isa = PBXShellScriptBuildPhase;
			buildActionMask = 2147483647;
			files = (
			);
			inputFileListPaths = (
			);
			inputPaths = (
				"${PODS_PODFILE_DIR_PATH}/Podfile.lock",
				"${PODS_ROOT}/Manifest.lock",
			);
			name = "[CP] Check Pods Manifest.lock";
			outputFileListPaths = (
			);
			outputPaths = (
				"$(DERIVED_FILE_DIR)/Pods-Beta-checkManifestLockResult.txt",
			);
			runOnlyForDeploymentPostprocessing = 0;
			shellPath = /bin/sh;
			shellScript = "diff \"${PODS_PODFILE_DIR_PATH}/Podfile.lock\" \"${PODS_ROOT}/Manifest.lock\" > /dev/null\nif [ $? != 0 ] ; then\n    # print error to STDERR\n    echo \"error: The sandbox is not in sync with the Podfile.lock. Run 'pod install' or update your CocoaPods installation.\" >&2\n    exit 1\nfi\n# This output is used by Xcode 'outputs' to avoid re-running this script phase.\necho \"SUCCESS\" > \"${SCRIPT_OUTPUT_FILE_0}\"\n";
			showEnvVarsInLog = 0;
		};
/* End PBXShellScriptBuildPhase section */

/* Begin PBXSourcesBuildPhase section */
		14492EF8226F8E12005FEA02 /* Sources */ = {
			isa = PBXSourcesBuildPhase;
			buildActionMask = 2147483647;
			files = (
				14535FC1227E019B0094A563 /* SalaoCollectionViewCell.swift in Sources */,
				14492F02226F8E12005FEA02 /* HomeViewController.swift in Sources */,
				140CE07A227A7809008A40B3 /* SaloesCollectionViewController.swift in Sources */,
				140CE07F227A8461008A40B3 /* Salao.swift in Sources */,
				14492F00226F8E12005FEA02 /* AppDelegate.swift in Sources */,
			);
			runOnlyForDeploymentPostprocessing = 0;
		};
/* End PBXSourcesBuildPhase section */

/* Begin PBXVariantGroup section */
		14492F03226F8E12005FEA02 /* Main.storyboard */ = {
			isa = PBXVariantGroup;
			children = (
				14492F04226F8E12005FEA02 /* Base */,
			);
			name = Main.storyboard;
			sourceTree = "<group>";
		};
		14492F08226F8E13005FEA02 /* LaunchScreen.storyboard */ = {
			isa = PBXVariantGroup;
			children = (
				14492F09226F8E13005FEA02 /* Base */,
			);
			name = LaunchScreen.storyboard;
			sourceTree = "<group>";
		};
/* End PBXVariantGroup section */

/* Begin XCBuildConfiguration section */
		14492F0C226F8E13005FEA02 /* Debug */ = {
			isa = XCBuildConfiguration;
			buildSettings = {
				ALWAYS_SEARCH_USER_PATHS = NO;
				CLANG_ANALYZER_NONNULL = YES;
				CLANG_ANALYZER_NUMBER_OBJECT_CONVERSION = YES_AGGRESSIVE;
				CLANG_CXX_LANGUAGE_STANDARD = "gnu++14";
				CLANG_CXX_LIBRARY = "libc++";
				CLANG_ENABLE_MODULES = YES;
				CLANG_ENABLE_OBJC_ARC = YES;
				CLANG_ENABLE_OBJC_WEAK = YES;
				CLANG_WARN_BLOCK_CAPTURE_AUTORELEASING = YES;
				CLANG_WARN_BOOL_CONVERSION = YES;
				CLANG_WARN_COMMA = YES;
				CLANG_WARN_CONSTANT_CONVERSION = YES;
				CLANG_WARN_DEPRECATED_OBJC_IMPLEMENTATIONS = YES;
				CLANG_WARN_DIRECT_OBJC_ISA_USAGE = YES_ERROR;
				CLANG_WARN_DOCUMENTATION_COMMENTS = YES;
				CLANG_WARN_EMPTY_BODY = YES;
				CLANG_WARN_ENUM_CONVERSION = YES;
				CLANG_WARN_INFINITE_RECURSION = YES;
				CLANG_WARN_INT_CONVERSION = YES;
				CLANG_WARN_NON_LITERAL_NULL_CONVERSION = YES;
				CLANG_WARN_OBJC_IMPLICIT_RETAIN_SELF = YES;
				CLANG_WARN_OBJC_LITERAL_CONVERSION = YES;
				CLANG_WARN_OBJC_ROOT_CLASS = YES_ERROR;
				CLANG_WARN_RANGE_LOOP_ANALYSIS = YES;
				CLANG_WARN_STRICT_PROTOTYPES = YES;
				CLANG_WARN_SUSPICIOUS_MOVE = YES;
				CLANG_WARN_UNGUARDED_AVAILABILITY = YES_AGGRESSIVE;
				CLANG_WARN_UNREACHABLE_CODE = YES;
				CLANG_WARN__DUPLICATE_METHOD_MATCH = YES;
				CODE_SIGN_IDENTITY = "iPhone Developer";
				COPY_PHASE_STRIP = NO;
				DEBUG_INFORMATION_FORMAT = dwarf;
				ENABLE_STRICT_OBJC_MSGSEND = YES;
				ENABLE_TESTABILITY = YES;
				GCC_C_LANGUAGE_STANDARD = gnu11;
				GCC_DYNAMIC_NO_PIC = NO;
				GCC_NO_COMMON_BLOCKS = YES;
				GCC_OPTIMIZATION_LEVEL = 0;
				GCC_PREPROCESSOR_DEFINITIONS = (
					"DEBUG=1",
					"$(inherited)",
				);
				GCC_WARN_64_TO_32_BIT_CONVERSION = YES;
				GCC_WARN_ABOUT_RETURN_TYPE = YES_ERROR;
				GCC_WARN_UNDECLARED_SELECTOR = YES;
				GCC_WARN_UNINITIALIZED_AUTOS = YES_AGGRESSIVE;
				GCC_WARN_UNUSED_FUNCTION = YES;
				GCC_WARN_UNUSED_VARIABLE = YES;
				IPHONEOS_DEPLOYMENT_TARGET = 12.2;
				MTL_ENABLE_DEBUG_INFO = INCLUDE_SOURCE;
				MTL_FAST_MATH = YES;
				ONLY_ACTIVE_ARCH = YES;
				SDKROOT = iphoneos;
				SWIFT_ACTIVE_COMPILATION_CONDITIONS = DEBUG;
				SWIFT_OPTIMIZATION_LEVEL = "-Onone";
			};
			name = Debug;
		};
		14492F0D226F8E13005FEA02 /* Release */ = {
			isa = XCBuildConfiguration;
			buildSettings = {
				ALWAYS_SEARCH_USER_PATHS = NO;
				CLANG_ANALYZER_NONNULL = YES;
				CLANG_ANALYZER_NUMBER_OBJECT_CONVERSION = YES_AGGRESSIVE;
				CLANG_CXX_LANGUAGE_STANDARD = "gnu++14";
				CLANG_CXX_LIBRARY = "libc++";
				CLANG_ENABLE_MODULES = YES;
				CLANG_ENABLE_OBJC_ARC = YES;
				CLANG_ENABLE_OBJC_WEAK = YES;
				CLANG_WARN_BLOCK_CAPTURE_AUTORELEASING = YES;
				CLANG_WARN_BOOL_CONVERSION = YES;
				CLANG_WARN_COMMA = YES;
				CLANG_WARN_CONSTANT_CONVERSION = YES;
				CLANG_WARN_DEPRECATED_OBJC_IMPLEMENTATIONS = YES;
				CLANG_WARN_DIRECT_OBJC_ISA_USAGE = YES_ERROR;
				CLANG_WARN_DOCUMENTATION_COMMENTS = YES;
				CLANG_WARN_EMPTY_BODY = YES;
				CLANG_WARN_ENUM_CONVERSION = YES;
				CLANG_WARN_INFINITE_RECURSION = YES;
				CLANG_WARN_INT_CONVERSION = YES;
				CLANG_WARN_NON_LITERAL_NULL_CONVERSION = YES;
				CLANG_WARN_OBJC_IMPLICIT_RETAIN_SELF = YES;
				CLANG_WARN_OBJC_LITERAL_CONVERSION = YES;
				CLANG_WARN_OBJC_ROOT_CLASS = YES_ERROR;
				CLANG_WARN_RANGE_LOOP_ANALYSIS = YES;
				CLANG_WARN_STRICT_PROTOTYPES = YES;
				CLANG_WARN_SUSPICIOUS_MOVE = YES;
				CLANG_WARN_UNGUARDED_AVAILABILITY = YES_AGGRESSIVE;
				CLANG_WARN_UNREACHABLE_CODE = YES;
				CLANG_WARN__DUPLICATE_METHOD_MATCH = YES;
				CODE_SIGN_IDENTITY = "iPhone Developer";
				COPY_PHASE_STRIP = NO;
				DEBUG_INFORMATION_FORMAT = "dwarf-with-dsym";
				ENABLE_NS_ASSERTIONS = NO;
				ENABLE_STRICT_OBJC_MSGSEND = YES;
				GCC_C_LANGUAGE_STANDARD = gnu11;
				GCC_NO_COMMON_BLOCKS = YES;
				GCC_WARN_64_TO_32_BIT_CONVERSION = YES;
				GCC_WARN_ABOUT_RETURN_TYPE = YES_ERROR;
				GCC_WARN_UNDECLARED_SELECTOR = YES;
				GCC_WARN_UNINITIALIZED_AUTOS = YES_AGGRESSIVE;
				GCC_WARN_UNUSED_FUNCTION = YES;
				GCC_WARN_UNUSED_VARIABLE = YES;
				IPHONEOS_DEPLOYMENT_TARGET = 12.2;
				MTL_ENABLE_DEBUG_INFO = NO;
				MTL_FAST_MATH = YES;
				SDKROOT = iphoneos;
				SWIFT_COMPILATION_MODE = wholemodule;
				SWIFT_OPTIMIZATION_LEVEL = "-O";
				VALIDATE_PRODUCT = YES;
			};
			name = Release;
		};
		14492F0F226F8E13005FEA02 /* Debug */ = {
			isa = XCBuildConfiguration;
			baseConfigurationReference = 467EC3A5AA4279BE3552AA33 /* Pods-Beta.debug.xcconfig */;
			buildSettings = {
				ASSETCATALOG_COMPILER_APPICON_NAME = AppIcon;
				CODE_SIGN_STYLE = Automatic;
				DEVELOPMENT_TEAM = W8L47TG474;
				INFOPLIST_FILE = "$(SRCROOT)/Beta/Supporting Files/Info.plist";
				LD_RUNPATH_SEARCH_PATHS = (
					"$(inherited)",
					"@executable_path/Frameworks",
				);
				PRODUCT_BUNDLE_IDENTIFIER = br.com.Systemsat.Stylish;
				PRODUCT_NAME = "$(TARGET_NAME)";
				SWIFT_VERSION = 5.0;
				TARGETED_DEVICE_FAMILY = "1,2";
			};
			name = Debug;
		};
		14492F10226F8E13005FEA02 /* Release */ = {
			isa = XCBuildConfiguration;
			baseConfigurationReference = 37ACE82D17EAE0A40ED1B9EC /* Pods-Beta.release.xcconfig */;
			buildSettings = {
				ASSETCATALOG_COMPILER_APPICON_NAME = AppIcon;
				CODE_SIGN_STYLE = Automatic;
				DEVELOPMENT_TEAM = W8L47TG474;
				INFOPLIST_FILE = "$(SRCROOT)/Beta/Supporting Files/Info.plist";
				LD_RUNPATH_SEARCH_PATHS = (
					"$(inherited)",
					"@executable_path/Frameworks",
				);
				PRODUCT_BUNDLE_IDENTIFIER = br.com.Systemsat.Stylish;
				PRODUCT_NAME = "$(TARGET_NAME)";
				SWIFT_VERSION = 5.0;
				TARGETED_DEVICE_FAMILY = "1,2";
			};
			name = Release;
		};
/* End XCBuildConfiguration section */

/* Begin XCConfigurationList section */
		14492EF7226F8E12005FEA02 /* Build configuration list for PBXProject "Beta" */ = {
			isa = XCConfigurationList;
			buildConfigurations = (
				14492F0C226F8E13005FEA02 /* Debug */,
				14492F0D226F8E13005FEA02 /* Release */,
			);
			defaultConfigurationIsVisible = 0;
			defaultConfigurationName = Release;
		};
		14492F0E226F8E13005FEA02 /* Build configuration list for PBXNativeTarget "Beta" */ = {
			isa = XCConfigurationList;
			buildConfigurations = (
				14492F0F226F8E13005FEA02 /* Debug */,
				14492F10226F8E13005FEA02 /* Release */,
			);
			defaultConfigurationIsVisible = 0;
			defaultConfigurationName = Release;
		};
/* End XCConfigurationList section */
	};
	rootObject = 14492EF4226F8E12005FEA02 /* Project object */;
}
